
Microsoft Visual Studio Solution File, Format Version 12.00
# Visual Studio Version 17
VisualStudioVersion = 17.3.32901.215
MinimumVisualStudioVersion = 10.0.40219.1
Project("{FAE04EC0-301F-11D3-BF4B-00C04F79EFBC}") = "DatabaseServer", "DatabaseServer\DatabaseServer.csproj", "{1DFC76E0-CF79-4110-887D-5FFF5D96411A}"
EndProject
Project("{FAE04EC0-301F-11D3-BF4B-00C04F79EFBC}") = "Client", "Client\Client.csproj", "{0330AD4B-9078-41E7-A183-DF1B7667E211}"
EndProject
Global
	GlobalSection(SolutionConfigurationPlatforms) = preSolution
		Debug|Any CPU = Debug|Any CPU
		Release|Any CPU = Release|Any CPU
	EndGlobalSection
	GlobalSection(ProjectConfigurationPlatforms) = postSolution
		{1DFC76E0-CF79-4110-887D-5FFF5D96411A}.Debug|Any CPU.ActiveCfg = Debug|Any CPU
		{1DFC76E0-CF79-4110-887D-5FFF5D96411A}.Debug|Any CPU.Build.0 = Debug|Any CPU
		{1DFC76E0-CF79-4110-887D-5FFF5D96411A}.Release|Any CPU.ActiveCfg = Release|Any CPU
		{1DFC76E0-CF79-4110-887D-5FFF5D96411A}.Release|Any CPU.Build.0 = Release|Any CPU
		{0330AD4B-9078-41E7-A183-DF1B7667E211}.Debug|Any CPU.ActiveCfg = Debug|Any CPU
		{0330AD4B-9078-41E7-A183-DF1B7667E211}.Debug|Any CPU.Build.0 = Debug|Any CPU
		{0330AD4B-9078-41E7-A183-DF1B7667E211}.Release|Any CPU.ActiveCfg = Release|Any CPU
		{0330AD4B-9078-41E7-A183-DF1B7667E211}.Release|Any CPU.Build.0 = Release|Any CPU
	EndGlobalSection
	GlobalSection(SolutionProperties) = preSolution
		HideSolutionNode = FALSE
	EndGlobalSection
	GlobalSection(ExtensibilityGlobals) = postSolution
		SolutionGuid = {874D23D7-F917-4B11-877B-76BF0AA58A71}
	EndGlobalSection
EndGlobal
